{
  "object": {
    "pins": [
      {
        "package": "ParseSwift",
        "repositoryURL": "https://github.com/parse-community/Parse-Swift",
        "state": {
          "branch": null,
          "revision": "702f92a09639cf461a70e529832ebfa97255af17",
          "version": "1.5.1"
        }
      }
    ]
  },
  "version": 1
}
