// !$*UTF8*$!
{
	archiveVersion = 1;
	classes = {
	};
	objectVersion = 52;
	objects = {

/* Begin PBXBuildFile section */
		3604A3D4A57D055195BC9168 /* Pods_watch.framework in Frameworks */ = {isa = PBXBuildFile; fileRef = 3FF4FFD71960C9FFA33C857E /* Pods_watch.framework */; };
		AC3A05D92639E8E400EA4FBE /* Login+facebook.swift in Sources */ = {isa = PBXBuildFile; fileRef = AC3A05D82639E8E400EA4FBE /* Login+facebook.swift */; };
		AC420C052639B36600FA4A1A /* LoginViewController.swift in Sources */ = {isa = PBXBuildFile; fileRef = AC420C042639B36600FA4A1A /* LoginViewController.swift */; };
		AC420C082639B39500FA4A1A /* LoginViewController.storyboard in Resources */ = {isa = PBXBuildFile; fileRef = AC420C072639B39500FA4A1A /* LoginViewController.storyboard */; };
		AC420C112639B4FD00FA4A1A /* UIviewController+Ext.swift in Sources */ = {isa = PBXBuildFile; fileRef = AC420C102639B4FD00FA4A1A /* UIviewController+Ext.swift */; };
		AC4EBB7C2663D9AB00066594 /* HabbitModel.swift in Sources */ = {isa = PBXBuildFile; fileRef = AC4EBB7B2663D9AB00066594 /* HabbitModel.swift */; };
		AC4EBB7E2663D9DC00066594 /* HabitFact.swift in Sources */ = {isa = PBXBuildFile; fileRef = AC4EBB7D2663D9DC00066594 /* HabitFact.swift */; };
		AC4EBB872664193E00066594 /* ProfilePresenter.swift in Sources */ = {isa = PBXBuildFile; fileRef = AC4EBB802664193E00066594 /* ProfilePresenter.swift */; };
		AC4EBB882664193E00066594 /* ProfileWorker.swift in Sources */ = {isa = PBXBuildFile; fileRef = AC4EBB812664193E00066594 /* ProfileWorker.swift */; };
		AC4EBB892664193E00066594 /* ProfileRouter.swift in Sources */ = {isa = PBXBuildFile; fileRef = AC4EBB822664193E00066594 /* ProfileRouter.swift */; };
		AC4EBB8A2664193E00066594 /* ProfileViewController.storyboard in Resources */ = {isa = PBXBuildFile; fileRef = AC4EBB832664193E00066594 /* ProfileViewController.storyboard */; };
		AC4EBB8B2664193E00066594 /* ProfileModels.swift in Sources */ = {isa = PBXBuildFile; fileRef = AC4EBB842664193E00066594 /* ProfileModels.swift */; };
		AC4EBB8C2664193E00066594 /* ProfileViewController.swift in Sources */ = {isa = PBXBuildFile; fileRef = AC4EBB852664193E00066594 /* ProfileViewController.swift */; };
		AC4EBB8D2664193E00066594 /* ProfileInteractor.swift in Sources */ = {isa = PBXBuildFile; fileRef = AC4EBB862664193E00066594 /* ProfileInteractor.swift */; };
		AC601BCA26330AE0001DDE01 /* AppDelegate.swift in Sources */ = {isa = PBXBuildFile; fileRef = AC601BC926330AE0001DDE01 /* AppDelegate.swift */; };
		AC601BD426330AE0001DDE01 /* EcoApp.xcdatamodeld in Sources */ = {isa = PBXBuildFile; fileRef = AC601BD226330AE0001DDE01 /* EcoApp.xcdatamodeld */; };
		AC601BD626330AE2001DDE01 /* Assets.xcassets in Resources */ = {isa = PBXBuildFile; fileRef = AC601BD526330AE2001DDE01 /* Assets.xcassets */; };
		AC601BD926330AE2001DDE01 /* LaunchScreen.storyboard in Resources */ = {isa = PBXBuildFile; fileRef = AC601BD726330AE2001DDE01 /* LaunchScreen.storyboard */; };
		AC601BE326330B2B001DDE01 /* ParseSwift in Frameworks */ = {isa = PBXBuildFile; productRef = AC601BE226330B2B001DDE01 /* ParseSwift */; };
		AC74B3C52662934900C5C3DF /* CoreDataHelpers.swift in Sources */ = {isa = PBXBuildFile; fileRef = AC74B3C42662934900C5C3DF /* CoreDataHelpers.swift */; };
		AC74B3C8266293C000C5C3DF /* Log.swift in Sources */ = {isa = PBXBuildFile; fileRef = AC74B3C7266293C000C5C3DF /* Log.swift */; };
		AC74B3CA2662943800C5C3DF /* CoraDataPredicates.swift in Sources */ = {isa = PBXBuildFile; fileRef = AC74B3C92662943800C5C3DF /* CoraDataPredicates.swift */; };
		AC74B3CC266298B200C5C3DF /* NetworkReachability.swift in Sources */ = {isa = PBXBuildFile; fileRef = AC74B3CB266298B200C5C3DF /* NetworkReachability.swift */; };
		AC74B3CE26629BE300C5C3DF /* HabbitList+Collection.swift in Sources */ = {isa = PBXBuildFile; fileRef = AC74B3CD26629BE300C5C3DF /* HabbitList+Collection.swift */; };
		AC74B3D126629D2D00C5C3DF /* HabbitCell.swift in Sources */ = {isa = PBXBuildFile; fileRef = AC74B3D026629D2D00C5C3DF /* HabbitCell.swift */; };
		AC74B3D42662A1EF00C5C3DF /* Kingfisher in Frameworks */ = {isa = PBXBuildFile; productRef = AC74B3D32662A1EF00C5C3DF /* Kingfisher */; };
		AC74B3D62662AD7800C5C3DF /* Habitable.swift in Sources */ = {isa = PBXBuildFile; fileRef = AC74B3D52662AD7800C5C3DF /* Habitable.swift */; };
		AC9A1744266284EA003DC2A4 /* HabitStruct.swift in Sources */ = {isa = PBXBuildFile; fileRef = AC9A1743266284EA003DC2A4 /* HabitStruct.swift */; };
		ACB52F922639B55A002137FF /* User.swift in Sources */ = {isa = PBXBuildFile; fileRef = ACB52F912639B55A002137FF /* User.swift */; };
		ACC4EBCF2639B859005D9728 /* HabitListPresenter.swift in Sources */ = {isa = PBXBuildFile; fileRef = ACC4EBC92639B859005D9728 /* HabitListPresenter.swift */; };
		ACC4EBD02639B859005D9728 /* HabitListWorker.swift in Sources */ = {isa = PBXBuildFile; fileRef = ACC4EBCA2639B859005D9728 /* HabitListWorker.swift */; };
		ACC4EBD12639B859005D9728 /* HabitListRouter.swift in Sources */ = {isa = PBXBuildFile; fileRef = ACC4EBCB2639B859005D9728 /* HabitListRouter.swift */; };
		ACC4EBD22639B859005D9728 /* HabitListModels.swift in Sources */ = {isa = PBXBuildFile; fileRef = ACC4EBCC2639B859005D9728 /* HabitListModels.swift */; };
		ACC4EBD32639B859005D9728 /* HabitListViewController.swift in Sources */ = {isa = PBXBuildFile; fileRef = ACC4EBCD2639B859005D9728 /* HabitListViewController.swift */; };
		ACC4EBD42639B859005D9728 /* HabitListInteractor.swift in Sources */ = {isa = PBXBuildFile; fileRef = ACC4EBCE2639B859005D9728 /* HabitListInteractor.swift */; };
		ACC4EBD72639B881005D9728 /* HabitListViewController.storyboard in Resources */ = {isa = PBXBuildFile; fileRef = ACC4EBD62639B881005D9728 /* HabitListViewController.storyboard */; };
		ACC4EBE42639C42D005D9728 /* Login+Apple.swift in Sources */ = {isa = PBXBuildFile; fileRef = ACC4EBE32639C42D005D9728 /* Login+Apple.swift */; };
		ACC4EBE72639D240005D9728 /* Login+Router.swift in Sources */ = {isa = PBXBuildFile; fileRef = ACC4EBE62639D240005D9728 /* Login+Router.swift */; };
		ACDE20642639E5CF0049C976 /* FacebookLogin in Frameworks */ = {isa = PBXBuildFile; productRef = ACDE20632639E5CF0049C976 /* FacebookLogin */; };
		ACDE20662639E5CF0049C976 /* FacebookShare in Frameworks */ = {isa = PBXBuildFile; productRef = ACDE20652639E5CF0049C976 /* FacebookShare */; };
		ACE372892639D91700D187AF /* Interface.storyboard in Resources */ = {isa = PBXBuildFile; fileRef = ACE372872639D91700D187AF /* Interface.storyboard */; };
		ACE3728B2639D91800D187AF /* Assets.xcassets in Resources */ = {isa = PBXBuildFile; fileRef = ACE3728A2639D91800D187AF /* Assets.xcassets */; };
		ACE372922639D91800D187AF /* watch Extension.appex in Embed App Extensions */ = {isa = PBXBuildFile; fileRef = ACE372912639D91800D187AF /* watch Extension.appex */; settings = {ATTRIBUTES = (RemoveHeadersOnCopy, ); }; };
		ACE372972639D91800D187AF /* InterfaceController.swift in Sources */ = {isa = PBXBuildFile; fileRef = ACE372962639D91800D187AF /* InterfaceController.swift */; };
		ACE372992639D91800D187AF /* ExtensionDelegate.swift in Sources */ = {isa = PBXBuildFile; fileRef = ACE372982639D91800D187AF /* ExtensionDelegate.swift */; };
		ACE3729B2639D91800D187AF /* NotificationController.swift in Sources */ = {isa = PBXBuildFile; fileRef = ACE3729A2639D91800D187AF /* NotificationController.swift */; };
		ACE3729D2639D91800D187AF /* ComplicationController.swift in Sources */ = {isa = PBXBuildFile; fileRef = ACE3729C2639D91800D187AF /* ComplicationController.swift */; };
		ACE3729F2639D91900D187AF /* Assets.xcassets in Resources */ = {isa = PBXBuildFile; fileRef = ACE3729E2639D91900D187AF /* Assets.xcassets */; };
		ACE372A42639D91900D187AF /* watch.app in Embed Watch Content */ = {isa = PBXBuildFile; fileRef = ACE372852639D91700D187AF /* watch.app */; settings = {ATTRIBUTES = (RemoveHeadersOnCopy, ); }; };
		ACF358F0263B0CA00095ED12 /* Installation.swift in Sources */ = {isa = PBXBuildFile; fileRef = ACF358EF263B0CA00095ED12 /* Installation.swift */; };
		ACF5000A2657D97000A3302C /* RegisterPresenter.swift in Sources */ = {isa = PBXBuildFile; fileRef = ACF500032657D97000A3302C /* RegisterPresenter.swift */; };
		ACF5000B2657D97000A3302C /* RegisterWorker.swift in Sources */ = {isa = PBXBuildFile; fileRef = ACF500042657D97000A3302C /* RegisterWorker.swift */; };
		ACF5000C2657D97000A3302C /* RegisterRouter.swift in Sources */ = {isa = PBXBuildFile; fileRef = ACF500052657D97000A3302C /* RegisterRouter.swift */; };
		ACF5000D2657D97000A3302C /* RegisterViewController.storyboard in Resources */ = {isa = PBXBuildFile; fileRef = ACF500062657D97000A3302C /* RegisterViewController.storyboard */; };
		ACF5000E2657D97000A3302C /* RegisterModels.swift in Sources */ = {isa = PBXBuildFile; fileRef = ACF500072657D97000A3302C /* RegisterModels.swift */; };
		ACF5000F2657D97000A3302C /* RegisterViewController.swift in Sources */ = {isa = PBXBuildFile; fileRef = ACF500082657D97000A3302C /* RegisterViewController.swift */; };
		ACF500102657D97000A3302C /* RegisterInteractor.swift in Sources */ = {isa = PBXBuildFile; fileRef = ACF500092657D97000A3302C /* RegisterInteractor.swift */; };
		ACF9FD322662280700D22FB5 /* Login+UserPass.swift in Sources */ = {isa = PBXBuildFile; fileRef = ACF9FD312662280700D22FB5 /* Login+UserPass.swift */; };
/* End PBXBuildFile section */

/* Begin PBXContainerItemProxy section */
		ACE372932639D91800D187AF /* PBXContainerItemProxy */ = {
			isa = PBXContainerItemProxy;
			containerPortal = AC601BBE26330AE0001DDE01 /* Project object */;
			proxyType = 1;
			remoteGlobalIDString = ACE372902639D91800D187AF;
			remoteInfo = "watch Extension";
		};
		ACE372A22639D91900D187AF /* PBXContainerItemProxy */ = {
			isa = PBXContainerItemProxy;
			containerPortal = AC601BBE26330AE0001DDE01 /* Project object */;
			proxyType = 1;
			remoteGlobalIDString = ACE372842639D91700D187AF;
			remoteInfo = watch;
		};
/* End PBXContainerItemProxy section */

/* Begin PBXCopyFilesBuildPhase section */
		ACE372A52639D91900D187AF /* Embed Watch Content */ = {
			isa = PBXCopyFilesBuildPhase;
			buildActionMask = 2147483647;
			dstPath = "$(CONTENTS_FOLDER_PATH)/Watch";
			dstSubfolderSpec = 16;
			files = (
				ACE372A42639D91900D187AF /* watch.app in Embed Watch Content */,
			);
			name = "Embed Watch Content";
			runOnlyForDeploymentPostprocessing = 0;
		};
		ACE372A82639D91900D187AF /* Embed App Extensions */ = {
			isa = PBXCopyFilesBuildPhase;
			buildActionMask = 2147483647;
			dstPath = "";
			dstSubfolderSpec = 13;
			files = (
				ACE372922639D91800D187AF /* watch Extension.appex in Embed App Extensions */,
			);
			name = "Embed App Extensions";
			runOnlyForDeploymentPostprocessing = 0;
		};
/* End PBXCopyFilesBuildPhase section */

/* Begin PBXFileReference section */
		143089D2FB296793F941CB8E /* Pods-watch Extension.release.xcconfig */ = {isa = PBXFileReference; includeInIndex = 1; lastKnownFileType = text.xcconfig; name = "Pods-watch Extension.release.xcconfig"; path = "Target Support Files/Pods-watch Extension/Pods-watch Extension.release.xcconfig"; sourceTree = "<group>"; };
		2F4B90A710E0865E78669F19 /* Pods-watch Extension.debug.xcconfig */ = {isa = PBXFileReference; includeInIndex = 1; lastKnownFileType = text.xcconfig; name = "Pods-watch Extension.debug.xcconfig"; path = "Target Support Files/Pods-watch Extension/Pods-watch Extension.debug.xcconfig"; sourceTree = "<group>"; };
		310E1FC16B003CD3DD38D796 /* Pods_watch_Extension.framework */ = {isa = PBXFileReference; explicitFileType = wrapper.framework; includeInIndex = 0; path = Pods_watch_Extension.framework; sourceTree = BUILT_PRODUCTS_DIR; };
		32FF8460BC72281B26FF1946 /* Pods_EcoApp.framework */ = {isa = PBXFileReference; explicitFileType = wrapper.framework; includeInIndex = 0; path = Pods_EcoApp.framework; sourceTree = BUILT_PRODUCTS_DIR; };
		3FF4FFD71960C9FFA33C857E /* Pods_watch.framework */ = {isa = PBXFileReference; explicitFileType = wrapper.framework; includeInIndex = 0; path = Pods_watch.framework; sourceTree = BUILT_PRODUCTS_DIR; };
		AC3A05D82639E8E400EA4FBE /* Login+facebook.swift */ = {isa = PBXFileReference; lastKnownFileType = sourcecode.swift; path = "Login+facebook.swift"; sourceTree = "<group>"; };
		AC420C042639B36600FA4A1A /* LoginViewController.swift */ = {isa = PBXFileReference; fileEncoding = 4; lastKnownFileType = sourcecode.swift; path = LoginViewController.swift; sourceTree = "<group>"; };
		AC420C072639B39500FA4A1A /* LoginViewController.storyboard */ = {isa = PBXFileReference; lastKnownFileType = file.storyboard; path = LoginViewController.storyboard; sourceTree = "<group>"; };
		AC420C0D2639B40B00FA4A1A /* EcoApp.entitlements */ = {isa = PBXFileReference; lastKnownFileType = text.plist.entitlements; path = EcoApp.entitlements; sourceTree = "<group>"; };
		AC420C102639B4FD00FA4A1A /* UIviewController+Ext.swift */ = {isa = PBXFileReference; lastKnownFileType = sourcecode.swift; path = "UIviewController+Ext.swift"; sourceTree = "<group>"; };
		AC4EBB7B2663D9AB00066594 /* HabbitModel.swift */ = {isa = PBXFileReference; fileEncoding = 4; lastKnownFileType = sourcecode.swift; path = HabbitModel.swift; sourceTree = "<group>"; };
		AC4EBB7D2663D9DC00066594 /* HabitFact.swift */ = {isa = PBXFileReference; lastKnownFileType = sourcecode.swift; path = HabitFact.swift; sourceTree = "<group>"; };
		AC4EBB802664193E00066594 /* ProfilePresenter.swift */ = {isa = PBXFileReference; lastKnownFileType = sourcecode.swift; path = ProfilePresenter.swift; sourceTree = "<group>"; };
		AC4EBB812664193E00066594 /* ProfileWorker.swift */ = {isa = PBXFileReference; lastKnownFileType = sourcecode.swift; path = ProfileWorker.swift; sourceTree = "<group>"; };
		AC4EBB822664193E00066594 /* ProfileRouter.swift */ = {isa = PBXFileReference; lastKnownFileType = sourcecode.swift; path = ProfileRouter.swift; sourceTree = "<group>"; };
		AC4EBB832664193E00066594 /* ProfileViewController.storyboard */ = {isa = PBXFileReference; lastKnownFileType = file.storyboard; path = ProfileViewController.storyboard; sourceTree = "<group>"; };
		AC4EBB842664193E00066594 /* ProfileModels.swift */ = {isa = PBXFileReference; lastKnownFileType = sourcecode.swift; path = ProfileModels.swift; sourceTree = "<group>"; };
		AC4EBB852664193E00066594 /* ProfileViewController.swift */ = {isa = PBXFileReference; lastKnownFileType = sourcecode.swift; path = ProfileViewController.swift; sourceTree = "<group>"; };
		AC4EBB862664193E00066594 /* ProfileInteractor.swift */ = {isa = PBXFileReference; lastKnownFileType = sourcecode.swift; path = ProfileInteractor.swift; sourceTree = "<group>"; };
		AC601BC626330AE0001DDE01 /* EcoApp.app */ = {isa = PBXFileReference; explicitFileType = wrapper.application; includeInIndex = 0; path = EcoApp.app; sourceTree = BUILT_PRODUCTS_DIR; };
		AC601BC926330AE0001DDE01 /* AppDelegate.swift */ = {isa = PBXFileReference; lastKnownFileType = sourcecode.swift; path = AppDelegate.swift; sourceTree = "<group>"; };
		AC601BD326330AE0001DDE01 /* EcoApp.xcdatamodel */ = {isa = PBXFileReference; lastKnownFileType = wrapper.xcdatamodel; path = EcoApp.xcdatamodel; sourceTree = "<group>"; };
		AC601BD526330AE2001DDE01 /* Assets.xcassets */ = {isa = PBXFileReference; lastKnownFileType = folder.assetcatalog; path = Assets.xcassets; sourceTree = "<group>"; };
		AC601BD826330AE2001DDE01 /* Base */ = {isa = PBXFileReference; lastKnownFileType = file.storyboard; name = Base; path = Base.lproj/LaunchScreen.storyboard; sourceTree = "<group>"; };
		AC601BDA26330AE2001DDE01 /* Info.plist */ = {isa = PBXFileReference; lastKnownFileType = text.plist.xml; path = Info.plist; sourceTree = "<group>"; };
		AC74B3C42662934900C5C3DF /* CoreDataHelpers.swift */ = {isa = PBXFileReference; lastKnownFileType = sourcecode.swift; path = CoreDataHelpers.swift; sourceTree = "<group>"; };
		AC74B3C7266293C000C5C3DF /* Log.swift */ = {isa = PBXFileReference; fileEncoding = 4; lastKnownFileType = sourcecode.swift; path = Log.swift; sourceTree = "<group>"; };
		AC74B3C92662943800C5C3DF /* CoraDataPredicates.swift */ = {isa = PBXFileReference; fileEncoding = 4; lastKnownFileType = sourcecode.swift; path = CoraDataPredicates.swift; sourceTree = "<group>"; };
		AC74B3CB266298B200C5C3DF /* NetworkReachability.swift */ = {isa = PBXFileReference; fileEncoding = 4; lastKnownFileType = sourcecode.swift; path = NetworkReachability.swift; sourceTree = "<group>"; };
		AC74B3CD26629BE300C5C3DF /* HabbitList+Collection.swift */ = {isa = PBXFileReference; fileEncoding = 4; lastKnownFileType = sourcecode.swift; path = "HabbitList+Collection.swift"; sourceTree = "<group>"; };
		AC74B3D026629D2D00C5C3DF /* HabbitCell.swift */ = {isa = PBXFileReference; lastKnownFileType = sourcecode.swift; path = HabbitCell.swift; sourceTree = "<group>"; };
		AC74B3D52662AD7800C5C3DF /* Habitable.swift */ = {isa = PBXFileReference; lastKnownFileType = sourcecode.swift; path = Habitable.swift; sourceTree = "<group>"; };
		AC9A1743266284EA003DC2A4 /* HabitStruct.swift */ = {isa = PBXFileReference; lastKnownFileType = sourcecode.swift; path = HabitStruct.swift; sourceTree = "<group>"; };
		ACB52F912639B55A002137FF /* User.swift */ = {isa = PBXFileReference; lastKnownFileType = sourcecode.swift; path = User.swift; sourceTree = "<group>"; };
		ACC4EBC92639B859005D9728 /* HabitListPresenter.swift */ = {isa = PBXFileReference; lastKnownFileType = sourcecode.swift; path = HabitListPresenter.swift; sourceTree = "<group>"; };
		ACC4EBCA2639B859005D9728 /* HabitListWorker.swift */ = {isa = PBXFileReference; lastKnownFileType = sourcecode.swift; path = HabitListWorker.swift; sourceTree = "<group>"; };
		ACC4EBCB2639B859005D9728 /* HabitListRouter.swift */ = {isa = PBXFileReference; lastKnownFileType = sourcecode.swift; path = HabitListRouter.swift; sourceTree = "<group>"; };
		ACC4EBCC2639B859005D9728 /* HabitListModels.swift */ = {isa = PBXFileReference; lastKnownFileType = sourcecode.swift; path = HabitListModels.swift; sourceTree = "<group>"; };
		ACC4EBCD2639B859005D9728 /* HabitListViewController.swift */ = {isa = PBXFileReference; lastKnownFileType = sourcecode.swift; path = HabitListViewController.swift; sourceTree = "<group>"; };
		ACC4EBCE2639B859005D9728 /* HabitListInteractor.swift */ = {isa = PBXFileReference; lastKnownFileType = sourcecode.swift; path = HabitListInteractor.swift; sourceTree = "<group>"; };
		ACC4EBD62639B881005D9728 /* HabitListViewController.storyboard */ = {isa = PBXFileReference; lastKnownFileType = file.storyboard; path = HabitListViewController.storyboard; sourceTree = "<group>"; };
		ACC4EBE32639C42D005D9728 /* Login+Apple.swift */ = {isa = PBXFileReference; lastKnownFileType = sourcecode.swift; path = "Login+Apple.swift"; sourceTree = "<group>"; };
		ACC4EBE62639D240005D9728 /* Login+Router.swift */ = {isa = PBXFileReference; lastKnownFileType = sourcecode.swift; path = "Login+Router.swift"; sourceTree = "<group>"; };
		ACE372852639D91700D187AF /* watch.app */ = {isa = PBXFileReference; explicitFileType = wrapper.application; includeInIndex = 0; path = watch.app; sourceTree = BUILT_PRODUCTS_DIR; };
		ACE372882639D91700D187AF /* Base */ = {isa = PBXFileReference; lastKnownFileType = file.storyboard; name = Base; path = Base.lproj/Interface.storyboard; sourceTree = "<group>"; };
		ACE3728A2639D91800D187AF /* Assets.xcassets */ = {isa = PBXFileReference; lastKnownFileType = folder.assetcatalog; path = Assets.xcassets; sourceTree = "<group>"; };
		ACE3728C2639D91800D187AF /* Info.plist */ = {isa = PBXFileReference; lastKnownFileType = text.plist.xml; path = Info.plist; sourceTree = "<group>"; };
		ACE372912639D91800D187AF /* watch Extension.appex */ = {isa = PBXFileReference; explicitFileType = "wrapper.app-extension"; includeInIndex = 0; path = "watch Extension.appex"; sourceTree = BUILT_PRODUCTS_DIR; };
		ACE372962639D91800D187AF /* InterfaceController.swift */ = {isa = PBXFileReference; lastKnownFileType = sourcecode.swift; path = InterfaceController.swift; sourceTree = "<group>"; };
		ACE372982639D91800D187AF /* ExtensionDelegate.swift */ = {isa = PBXFileReference; lastKnownFileType = sourcecode.swift; path = ExtensionDelegate.swift; sourceTree = "<group>"; };
		ACE3729A2639D91800D187AF /* NotificationController.swift */ = {isa = PBXFileReference; lastKnownFileType = sourcecode.swift; path = NotificationController.swift; sourceTree = "<group>"; };
		ACE3729C2639D91800D187AF /* ComplicationController.swift */ = {isa = PBXFileReference; lastKnownFileType = sourcecode.swift; path = ComplicationController.swift; sourceTree = "<group>"; };
		ACE3729E2639D91900D187AF /* Assets.xcassets */ = {isa = PBXFileReference; lastKnownFileType = folder.assetcatalog; path = Assets.xcassets; sourceTree = "<group>"; };
		ACE372A02639D91900D187AF /* Info.plist */ = {isa = PBXFileReference; lastKnownFileType = text.plist.xml; path = Info.plist; sourceTree = "<group>"; };
		ACE372A12639D91900D187AF /* PushNotificationPayload.apns */ = {isa = PBXFileReference; lastKnownFileType = text; path = PushNotificationPayload.apns; sourceTree = "<group>"; };
		ACF358EF263B0CA00095ED12 /* Installation.swift */ = {isa = PBXFileReference; lastKnownFileType = sourcecode.swift; path = Installation.swift; sourceTree = "<group>"; };
		ACF500032657D97000A3302C /* RegisterPresenter.swift */ = {isa = PBXFileReference; lastKnownFileType = sourcecode.swift; path = RegisterPresenter.swift; sourceTree = "<group>"; };
		ACF500042657D97000A3302C /* RegisterWorker.swift */ = {isa = PBXFileReference; lastKnownFileType = sourcecode.swift; path = RegisterWorker.swift; sourceTree = "<group>"; };
		ACF500052657D97000A3302C /* RegisterRouter.swift */ = {isa = PBXFileReference; lastKnownFileType = sourcecode.swift; path = RegisterRouter.swift; sourceTree = "<group>"; };
		ACF500062657D97000A3302C /* RegisterViewController.storyboard */ = {isa = PBXFileReference; lastKnownFileType = file.storyboard; path = RegisterViewController.storyboard; sourceTree = "<group>"; };
		ACF500072657D97000A3302C /* RegisterModels.swift */ = {isa = PBXFileReference; lastKnownFileType = sourcecode.swift; path = RegisterModels.swift; sourceTree = "<group>"; };
		ACF500082657D97000A3302C /* RegisterViewController.swift */ = {isa = PBXFileReference; lastKnownFileType = sourcecode.swift; path = RegisterViewController.swift; sourceTree = "<group>"; };
		ACF500092657D97000A3302C /* RegisterInteractor.swift */ = {isa = PBXFileReference; lastKnownFileType = sourcecode.swift; path = RegisterInteractor.swift; sourceTree = "<group>"; };
		ACF9FD312662280700D22FB5 /* Login+UserPass.swift */ = {isa = PBXFileReference; lastKnownFileType = sourcecode.swift; path = "Login+UserPass.swift"; sourceTree = "<group>"; };
		B3361C77A3A61B20311DE1DE /* Pods-watch.release.xcconfig */ = {isa = PBXFileReference; includeInIndex = 1; lastKnownFileType = text.xcconfig; name = "Pods-watch.release.xcconfig"; path = "Target Support Files/Pods-watch/Pods-watch.release.xcconfig"; sourceTree = "<group>"; };
		CAD09FEEDC441C6BE9BE41D4 /* Pods-EcoApp.release.xcconfig */ = {isa = PBXFileReference; includeInIndex = 1; lastKnownFileType = text.xcconfig; name = "Pods-EcoApp.release.xcconfig"; path = "Target Support Files/Pods-EcoApp/Pods-EcoApp.release.xcconfig"; sourceTree = "<group>"; };
		DE29DBB0AC3829717C0B942D /* Pods-watch.debug.xcconfig */ = {isa = PBXFileReference; includeInIndex = 1; lastKnownFileType = text.xcconfig; name = "Pods-watch.debug.xcconfig"; path = "Target Support Files/Pods-watch/Pods-watch.debug.xcconfig"; sourceTree = "<group>"; };
		E0E8CB5BF0123692381CEBA9 /* Pods-EcoApp.debug.xcconfig */ = {isa = PBXFileReference; includeInIndex = 1; lastKnownFileType = text.xcconfig; name = "Pods-EcoApp.debug.xcconfig"; path = "Target Support Files/Pods-EcoApp/Pods-EcoApp.debug.xcconfig"; sourceTree = "<group>"; };
/* End PBXFileReference section */

/* Begin PBXFrameworksBuildPhase section */
		2D8C712EF18F7E3EC1C8D7FE /* Frameworks */ = {
			isa = PBXFrameworksBuildPhase;
			buildActionMask = 2147483647;
			files = (
				3604A3D4A57D055195BC9168 /* Pods_watch.framework in Frameworks */,
			);
			runOnlyForDeploymentPostprocessing = 0;
		};
		AC601BC326330AE0001DDE01 /* Frameworks */ = {
			isa = PBXFrameworksBuildPhase;
			buildActionMask = 2147483647;
			files = (
				AC74B3D42662A1EF00C5C3DF /* Kingfisher in Frameworks */,
				ACDE20642639E5CF0049C976 /* FacebookLogin in Frameworks */,
				AC601BE326330B2B001DDE01 /* ParseSwift in Frameworks */,
				ACDE20662639E5CF0049C976 /* FacebookShare in Frameworks */,
			);
			runOnlyForDeploymentPostprocessing = 0;
		};
		ACE3728E2639D91800D187AF /* Frameworks */ = {
			isa = PBXFrameworksBuildPhase;
			buildActionMask = 2147483647;
			files = (
			);
			runOnlyForDeploymentPostprocessing = 0;
		};
/* End PBXFrameworksBuildPhase section */

/* Begin PBXGroup section */
		8A0D2F8C547A6EAAE9F678DF /* Frameworks */ = {
			isa = PBXGroup;
			children = (
				32FF8460BC72281B26FF1946 /* Pods_EcoApp.framework */,
				3FF4FFD71960C9FFA33C857E /* Pods_watch.framework */,
				310E1FC16B003CD3DD38D796 /* Pods_watch_Extension.framework */,
			);
			name = Frameworks;
			sourceTree = "<group>";
		};
		AC420C022639B34F00FA4A1A /* Login */ = {
			isa = PBXGroup;
			children = (
				AC420C042639B36600FA4A1A /* LoginViewController.swift */,
				ACC4EBE62639D240005D9728 /* Login+Router.swift */,
				ACF9FD312662280700D22FB5 /* Login+UserPass.swift */,
				ACC4EBE32639C42D005D9728 /* Login+Apple.swift */,
				AC3A05D82639E8E400EA4FBE /* Login+facebook.swift */,
				AC420C072639B39500FA4A1A /* LoginViewController.storyboard */,
			);
			path = Login;
			sourceTree = "<group>";
		};
		AC420C0F2639B4EE00FA4A1A /* Extensions */ = {
			isa = PBXGroup;
			children = (
				AC420C102639B4FD00FA4A1A /* UIviewController+Ext.swift */,
			);
			path = Extensions;
			sourceTree = "<group>";
		};
		AC420C132639B51F00FA4A1A /* Models */ = {
			isa = PBXGroup;
			children = (
				AC4EBB7A2663D98F00066594 /* HabitToUser */,
				AC74B3C32662933A00C5C3DF /* CoreData */,
				ACB52F912639B55A002137FF /* User.swift */,
				ACF358EF263B0CA00095ED12 /* Installation.swift */,
				AC9A1745266284EF003DC2A4 /* Habit */,
			);
			path = Models;
			sourceTree = "<group>";
		};
		AC4EBB7A2663D98F00066594 /* HabitToUser */ = {
			isa = PBXGroup;
			children = (
				AC4EBB7D2663D9DC00066594 /* HabitFact.swift */,
			);
			path = HabitToUser;
			sourceTree = "<group>";
		};
		AC4EBB7F266418F500066594 /* Profile */ = {
			isa = PBXGroup;
			children = (
				AC4EBB802664193E00066594 /* ProfilePresenter.swift */,
				AC4EBB812664193E00066594 /* ProfileWorker.swift */,
				AC4EBB822664193E00066594 /* ProfileRouter.swift */,
				AC4EBB842664193E00066594 /* ProfileModels.swift */,
				AC4EBB862664193E00066594 /* ProfileInteractor.swift */,
				AC4EBB852664193E00066594 /* ProfileViewController.swift */,
				AC4EBB832664193E00066594 /* ProfileViewController.storyboard */,
			);
			path = Profile;
			sourceTree = "<group>";
		};
		AC601BBD26330AE0001DDE01 = {
			isa = PBXGroup;
			children = (
				AC601BC826330AE0001DDE01 /* EcoApp */,
				ACE372862639D91700D187AF /* watch */,
				ACE372952639D91800D187AF /* watch Extension */,
				AC601BC726330AE0001DDE01 /* Products */,
				F6191DA24CE90152A8F7B276 /* Pods */,
				8A0D2F8C547A6EAAE9F678DF /* Frameworks */,
			);
			sourceTree = "<group>";
		};
		AC601BC726330AE0001DDE01 /* Products */ = {
			isa = PBXGroup;
			children = (
				AC601BC626330AE0001DDE01 /* EcoApp.app */,
				ACE372852639D91700D187AF /* watch.app */,
				ACE372912639D91800D187AF /* watch Extension.appex */,
			);
			name = Products;
			sourceTree = "<group>";
		};
		AC601BC826330AE0001DDE01 /* EcoApp */ = {
			isa = PBXGroup;
			children = (
				AC74B3C6266293A400C5C3DF /* Core */,
				AC601BC926330AE0001DDE01 /* AppDelegate.swift */,
				ACB52F952639B632002137FF /* Scenes */,
				AC420C132639B51F00FA4A1A /* Models */,
				AC420C0F2639B4EE00FA4A1A /* Extensions */,
				AC601BD526330AE2001DDE01 /* Assets.xcassets */,
				AC601BD726330AE2001DDE01 /* LaunchScreen.storyboard */,
				AC601BDA26330AE2001DDE01 /* Info.plist */,
				AC420C0D2639B40B00FA4A1A /* EcoApp.entitlements */,
				AC601BD226330AE0001DDE01 /* EcoApp.xcdatamodeld */,
			);
			path = EcoApp;
			sourceTree = "<group>";
		};
		AC74B3C32662933A00C5C3DF /* CoreData */ = {
			isa = PBXGroup;
			children = (
				AC74B3C42662934900C5C3DF /* CoreDataHelpers.swift */,
			);
			path = CoreData;
			sourceTree = "<group>";
		};
		AC74B3C6266293A400C5C3DF /* Core */ = {
			isa = PBXGroup;
			children = (
				AC74B3CB266298B200C5C3DF /* NetworkReachability.swift */,
				AC74B3C92662943800C5C3DF /* CoraDataPredicates.swift */,
				AC74B3C7266293C000C5C3DF /* Log.swift */,
			);
			path = Core;
			sourceTree = "<group>";
		};
		AC74B3CF26629D1F00C5C3DF /* Cells */ = {
			isa = PBXGroup;
			children = (
				AC74B3D026629D2D00C5C3DF /* HabbitCell.swift */,
			);
			path = Cells;
			sourceTree = "<group>";
		};
		AC9A1745266284EF003DC2A4 /* Habit */ = {
			isa = PBXGroup;
			children = (
				AC4EBB7B2663D9AB00066594 /* HabbitModel.swift */,
				AC9A1743266284EA003DC2A4 /* HabitStruct.swift */,
				AC74B3D52662AD7800C5C3DF /* Habitable.swift */,
			);
			path = Habit;
			sourceTree = "<group>";
		};
		ACB52F952639B632002137FF /* Scenes */ = {
			isa = PBXGroup;
			children = (
				AC4EBB7F266418F500066594 /* Profile */,
				ACF500022657D95D00A3302C /* Register */,
				AC420C022639B34F00FA4A1A /* Login */,
				ACB52F962639B648002137FF /* HabitList */,
			);
			path = Scenes;
			sourceTree = "<group>";
		};
		ACB52F962639B648002137FF /* HabitList */ = {
			isa = PBXGroup;
			children = (
				AC74B3CF26629D1F00C5C3DF /* Cells */,
				ACC4EBC92639B859005D9728 /* HabitListPresenter.swift */,
				ACC4EBCA2639B859005D9728 /* HabitListWorker.swift */,
				ACC4EBCB2639B859005D9728 /* HabitListRouter.swift */,
				ACC4EBCC2639B859005D9728 /* HabitListModels.swift */,
				ACC4EBCE2639B859005D9728 /* HabitListInteractor.swift */,
				AC74B3CD26629BE300C5C3DF /* HabbitList+Collection.swift */,
				ACC4EBCD2639B859005D9728 /* HabitListViewController.swift */,
				ACC4EBD62639B881005D9728 /* HabitListViewController.storyboard */,
			);
			path = HabitList;
			sourceTree = "<group>";
		};
		ACE372862639D91700D187AF /* watch */ = {
			isa = PBXGroup;
			children = (
				ACE372872639D91700D187AF /* Interface.storyboard */,
				ACE3728A2639D91800D187AF /* Assets.xcassets */,
				ACE3728C2639D91800D187AF /* Info.plist */,
			);
			path = watch;
			sourceTree = "<group>";
		};
		ACE372952639D91800D187AF /* watch Extension */ = {
			isa = PBXGroup;
			children = (
				ACE372962639D91800D187AF /* InterfaceController.swift */,
				ACE372982639D91800D187AF /* ExtensionDelegate.swift */,
				ACE3729A2639D91800D187AF /* NotificationController.swift */,
				ACE3729C2639D91800D187AF /* ComplicationController.swift */,
				ACE3729E2639D91900D187AF /* Assets.xcassets */,
				ACE372A02639D91900D187AF /* Info.plist */,
				ACE372A12639D91900D187AF /* PushNotificationPayload.apns */,
			);
			path = "watch Extension";
			sourceTree = "<group>";
		};
		ACF500022657D95D00A3302C /* Register */ = {
			isa = PBXGroup;
			children = (
				ACF500032657D97000A3302C /* RegisterPresenter.swift */,
				ACF500042657D97000A3302C /* RegisterWorker.swift */,
				ACF500052657D97000A3302C /* RegisterRouter.swift */,
				ACF500072657D97000A3302C /* RegisterModels.swift */,
				ACF500092657D97000A3302C /* RegisterInteractor.swift */,
				ACF500082657D97000A3302C /* RegisterViewController.swift */,
				ACF500062657D97000A3302C /* RegisterViewController.storyboard */,
			);
			path = Register;
			sourceTree = "<group>";
		};
		F6191DA24CE90152A8F7B276 /* Pods */ = {
			isa = PBXGroup;
			children = (
				E0E8CB5BF0123692381CEBA9 /* Pods-EcoApp.debug.xcconfig */,
				CAD09FEEDC441C6BE9BE41D4 /* Pods-EcoApp.release.xcconfig */,
				DE29DBB0AC3829717C0B942D /* Pods-watch.debug.xcconfig */,
				B3361C77A3A61B20311DE1DE /* Pods-watch.release.xcconfig */,
				2F4B90A710E0865E78669F19 /* Pods-watch Extension.debug.xcconfig */,
				143089D2FB296793F941CB8E /* Pods-watch Extension.release.xcconfig */,
			);
			path = Pods;
			sourceTree = "<group>";
		};
/* End PBXGroup section */

/* Begin PBXNativeTarget section */
		AC601BC526330AE0001DDE01 /* EcoApp */ = {
			isa = PBXNativeTarget;
			buildConfigurationList = AC601BDD26330AE2001DDE01 /* Build configuration list for PBXNativeTarget "EcoApp" */;
			buildPhases = (
				AC601BC226330AE0001DDE01 /* Sources */,
				AC601BC326330AE0001DDE01 /* Frameworks */,
				AC601BC426330AE0001DDE01 /* Resources */,
				ACE372A52639D91900D187AF /* Embed Watch Content */,
			);
			buildRules = (
			);
			dependencies = (
				ACE372A32639D91900D187AF /* PBXTargetDependency */,
			);
			name = EcoApp;
			packageProductDependencies = (
				AC601BE226330B2B001DDE01 /* ParseSwift */,
				ACDE20632639E5CF0049C976 /* FacebookLogin */,
				ACDE20652639E5CF0049C976 /* FacebookShare */,
				AC74B3D32662A1EF00C5C3DF /* Kingfisher */,
			);
			productName = EcoApp;
			productReference = AC601BC626330AE0001DDE01 /* EcoApp.app */;
			productType = "com.apple.product-type.application";
		};
		ACE372842639D91700D187AF /* watch */ = {
			isa = PBXNativeTarget;
			buildConfigurationList = ACE372AC2639D91900D187AF /* Build configuration list for PBXNativeTarget "watch" */;
			buildPhases = (
				11827280AD7F59FF4A78E164 /* [CP] Check Pods Manifest.lock */,
				ACE372832639D91700D187AF /* Resources */,
				ACE372A82639D91900D187AF /* Embed App Extensions */,
				2D8C712EF18F7E3EC1C8D7FE /* Frameworks */,
			);
			buildRules = (
			);
			dependencies = (
				ACE372942639D91800D187AF /* PBXTargetDependency */,
			);
			name = watch;
			productName = watch;
			productReference = ACE372852639D91700D187AF /* watch.app */;
			productType = "com.apple.product-type.application.watchapp2";
		};
		ACE372902639D91800D187AF /* watch Extension */ = {
			isa = PBXNativeTarget;
			buildConfigurationList = ACE372AB2639D91900D187AF /* Build configuration list for PBXNativeTarget "watch Extension" */;
			buildPhases = (
				ACE3728D2639D91800D187AF /* Sources */,
				ACE3728E2639D91800D187AF /* Frameworks */,
				ACE3728F2639D91800D187AF /* Resources */,
			);
			buildRules = (
			);
			dependencies = (
			);
			name = "watch Extension";
			productName = "watch Extension";
			productReference = ACE372912639D91800D187AF /* watch Extension.appex */;
			productType = "com.apple.product-type.watchkit2-extension";
		};
/* End PBXNativeTarget section */

/* Begin PBXProject section */
		AC601BBE26330AE0001DDE01 /* Project object */ = {
			isa = PBXProject;
			attributes = {
				LastSwiftUpdateCheck = 1240;
				LastUpgradeCheck = 1240;
				TargetAttributes = {
					AC601BC526330AE0001DDE01 = {
						CreatedOnToolsVersion = 12.4;
					};
					ACE372842639D91700D187AF = {
						CreatedOnToolsVersion = 12.4;
					};
					ACE372902639D91800D187AF = {
						CreatedOnToolsVersion = 12.4;
					};
				};
			};
			buildConfigurationList = AC601BC126330AE0001DDE01 /* Build configuration list for PBXProject "Ecobalance life" */;
			compatibilityVersion = "Xcode 9.3";
			developmentRegion = en;
			hasScannedForEncodings = 0;
			knownRegions = (
				en,
				Base,
			);
			mainGroup = AC601BBD26330AE0001DDE01;
			packageReferences = (
				AC601BE126330B2B001DDE01 /* XCRemoteSwiftPackageReference "Parse-Swift" */,
				ACDE20622639E5CF0049C976 /* XCRemoteSwiftPackageReference "facebook-ios-sdk" */,
				AC74B3D22662A1EF00C5C3DF /* XCRemoteSwiftPackageReference "Kingfisher" */,
			);
			productRefGroup = AC601BC726330AE0001DDE01 /* Products */;
			projectDirPath = "";
			projectRoot = "";
			targets = (
				AC601BC526330AE0001DDE01 /* EcoApp */,
				ACE372842639D91700D187AF /* watch */,
				ACE372902639D91800D187AF /* watch Extension */,
			);
		};
/* End PBXProject section */

/* Begin PBXResourcesBuildPhase section */
		AC601BC426330AE0001DDE01 /* Resources */ = {
			isa = PBXResourcesBuildPhase;
			buildActionMask = 2147483647;
			files = (
				AC601BD926330AE2001DDE01 /* LaunchScreen.storyboard in Resources */,
				AC420C082639B39500FA4A1A /* LoginViewController.storyboard in Resources */,
				AC4EBB8A2664193E00066594 /* ProfileViewController.storyboard in Resources */,
				ACF5000D2657D97000A3302C /* RegisterViewController.storyboard in Resources */,
				AC601BD626330AE2001DDE01 /* Assets.xcassets in Resources */,
				ACC4EBD72639B881005D9728 /* HabitListViewController.storyboard in Resources */,
			);
			runOnlyForDeploymentPostprocessing = 0;
		};
		ACE372832639D91700D187AF /* Resources */ = {
			isa = PBXResourcesBuildPhase;
			buildActionMask = 2147483647;
			files = (
				ACE3728B2639D91800D187AF /* Assets.xcassets in Resources */,
				ACE372892639D91700D187AF /* Interface.storyboard in Resources */,
			);
			runOnlyForDeploymentPostprocessing = 0;
		};
		ACE3728F2639D91800D187AF /* Resources */ = {
			isa = PBXResourcesBuildPhase;
			buildActionMask = 2147483647;
			files = (
				ACE3729F2639D91900D187AF /* Assets.xcassets in Resources */,
			);
			runOnlyForDeploymentPostprocessing = 0;
		};
/* End PBXResourcesBuildPhase section */

/* Begin PBXShellScriptBuildPhase section */
		11827280AD7F59FF4A78E164 /* [CP] Check Pods Manifest.lock */ = {
			isa = PBXShellScriptBuildPhase;
			buildActionMask = 2147483647;
			files = (
			);
			inputFileListPaths = (
			);
			inputPaths = (
				"${PODS_PODFILE_DIR_PATH}/Podfile.lock",
				"${PODS_ROOT}/Manifest.lock",
			);
			name = "[CP] Check Pods Manifest.lock";
			outputFileListPaths = (
			);
			outputPaths = (
				"$(DERIVED_FILE_DIR)/Pods-watch-checkManifestLockResult.txt",
			);
			runOnlyForDeploymentPostprocessing = 0;
			shellPath = /bin/sh;
			shellScript = "diff \"${PODS_PODFILE_DIR_PATH}/Podfile.lock\" \"${PODS_ROOT}/Manifest.lock\" > /dev/null\nif [ $? != 0 ] ; then\n    # print error to STDERR\n    echo \"error: The sandbox is not in sync with the Podfile.lock. Run 'pod install' or update your CocoaPods installation.\" >&2\n    exit 1\nfi\n# This output is used by Xcode 'outputs' to avoid re-running this script phase.\necho \"SUCCESS\" > \"${SCRIPT_OUTPUT_FILE_0}\"\n";
			showEnvVarsInLog = 0;
		};
/* End PBXShellScriptBuildPhase section */

/* Begin PBXSourcesBuildPhase section */
		AC601BC226330AE0001DDE01 /* Sources */ = {
			isa = PBXSourcesBuildPhase;
			buildActionMask = 2147483647;
			files = (
				AC9A1744266284EA003DC2A4 /* HabitStruct.swift in Sources */,
				AC601BCA26330AE0001DDE01 /* AppDelegate.swift in Sources */,
				ACF358F0263B0CA00095ED12 /* Installation.swift in Sources */,
				AC4EBB7C2663D9AB00066594 /* HabbitModel.swift in Sources */,
				AC74B3D62662AD7800C5C3DF /* Habitable.swift in Sources */,
				ACC4EBE42639C42D005D9728 /* Login+Apple.swift in Sources */,
				ACC4EBE72639D240005D9728 /* Login+Router.swift in Sources */,
				AC420C052639B36600FA4A1A /* LoginViewController.swift in Sources */,
				AC74B3CA2662943800C5C3DF /* CoraDataPredicates.swift in Sources */,
				AC74B3C52662934900C5C3DF /* CoreDataHelpers.swift in Sources */,
				AC74B3C8266293C000C5C3DF /* Log.swift in Sources */,
				AC4EBB872664193E00066594 /* ProfilePresenter.swift in Sources */,
				ACF9FD322662280700D22FB5 /* Login+UserPass.swift in Sources */,
				ACF5000E2657D97000A3302C /* RegisterModels.swift in Sources */,
				ACF5000C2657D97000A3302C /* RegisterRouter.swift in Sources */,
				AC4EBB8B2664193E00066594 /* ProfileModels.swift in Sources */,
				ACC4EBD02639B859005D9728 /* HabitListWorker.swift in Sources */,
				AC3A05D92639E8E400EA4FBE /* Login+facebook.swift in Sources */,
				AC74B3CC266298B200C5C3DF /* NetworkReachability.swift in Sources */,
				AC420C112639B4FD00FA4A1A /* UIviewController+Ext.swift in Sources */,
				AC601BD426330AE0001DDE01 /* EcoApp.xcdatamodeld in Sources */,
				ACF5000F2657D97000A3302C /* RegisterViewController.swift in Sources */,
				ACB52F922639B55A002137FF /* User.swift in Sources */,
				ACF5000B2657D97000A3302C /* RegisterWorker.swift in Sources */,
				AC4EBB7E2663D9DC00066594 /* HabitFact.swift in Sources */,
				ACC4EBD42639B859005D9728 /* HabitListInteractor.swift in Sources */,
				AC74B3D126629D2D00C5C3DF /* HabbitCell.swift in Sources */,
				ACF500102657D97000A3302C /* RegisterInteractor.swift in Sources */,
				AC4EBB8D2664193E00066594 /* ProfileInteractor.swift in Sources */,
				AC4EBB882664193E00066594 /* ProfileWorker.swift in Sources */,
				ACC4EBD22639B859005D9728 /* HabitListModels.swift in Sources */,
				ACC4EBCF2639B859005D9728 /* HabitListPresenter.swift in Sources */,
				ACC4EBD12639B859005D9728 /* HabitListRouter.swift in Sources */,
				AC74B3CE26629BE300C5C3DF /* HabbitList+Collection.swift in Sources */,
				ACC4EBD32639B859005D9728 /* HabitListViewController.swift in Sources */,
				AC4EBB8C2664193E00066594 /* ProfileViewController.swift in Sources */,
				ACF5000A2657D97000A3302C /* RegisterPresenter.swift in Sources */,
				AC4EBB892664193E00066594 /* ProfileRouter.swift in Sources */,
			);
			runOnlyForDeploymentPostprocessing = 0;
		};
		ACE3728D2639D91800D187AF /* Sources */ = {
			isa = PBXSourcesBuildPhase;
			buildActionMask = 2147483647;
			files = (
				ACE3729B2639D91800D187AF /* NotificationController.swift in Sources */,
				ACE3729D2639D91800D187AF /* ComplicationController.swift in Sources */,
				ACE372992639D91800D187AF /* ExtensionDelegate.swift in Sources */,
				ACE372972639D91800D187AF /* InterfaceController.swift in Sources */,
			);
			runOnlyForDeploymentPostprocessing = 0;
		};
/* End PBXSourcesBuildPhase section */

/* Begin PBXTargetDependency section */
		ACE372942639D91800D187AF /* PBXTargetDependency */ = {
			isa = PBXTargetDependency;
			target = ACE372902639D91800D187AF /* watch Extension */;
			targetProxy = ACE372932639D91800D187AF /* PBXContainerItemProxy */;
		};
		ACE372A32639D91900D187AF /* PBXTargetDependency */ = {
			isa = PBXTargetDependency;
			target = ACE372842639D91700D187AF /* watch */;
			targetProxy = ACE372A22639D91900D187AF /* PBXContainerItemProxy */;
		};
/* End PBXTargetDependency section */

/* Begin PBXVariantGroup section */
		AC601BD726330AE2001DDE01 /* LaunchScreen.storyboard */ = {
			isa = PBXVariantGroup;
			children = (
				AC601BD826330AE2001DDE01 /* Base */,
			);
			name = LaunchScreen.storyboard;
			sourceTree = "<group>";
		};
		ACE372872639D91700D187AF /* Interface.storyboard */ = {
			isa = PBXVariantGroup;
			children = (
				ACE372882639D91700D187AF /* Base */,
			);
			name = Interface.storyboard;
			sourceTree = "<group>";
		};
/* End PBXVariantGroup section */

/* Begin XCBuildConfiguration section */
		AC601BDB26330AE2001DDE01 /* Debug */ = {
			isa = XCBuildConfiguration;
			buildSettings = {
				ALWAYS_SEARCH_USER_PATHS = NO;
				CLANG_ANALYZER_NONNULL = YES;
				CLANG_ANALYZER_NUMBER_OBJECT_CONVERSION = YES_AGGRESSIVE;
				CLANG_CXX_LANGUAGE_STANDARD = "gnu++14";
				CLANG_CXX_LIBRARY = "libc++";
				CLANG_ENABLE_MODULES = YES;
				CLANG_ENABLE_OBJC_ARC = YES;
				CLANG_ENABLE_OBJC_WEAK = YES;
				CLANG_WARN_BLOCK_CAPTURE_AUTORELEASING = YES;
				CLANG_WARN_BOOL_CONVERSION = YES;
				CLANG_WARN_COMMA = YES;
				CLANG_WARN_CONSTANT_CONVERSION = YES;
				CLANG_WARN_DEPRECATED_OBJC_IMPLEMENTATIONS = YES;
				CLANG_WARN_DIRECT_OBJC_ISA_USAGE = YES_ERROR;
				CLANG_WARN_DOCUMENTATION_COMMENTS = YES;
				CLANG_WARN_EMPTY_BODY = YES;
				CLANG_WARN_ENUM_CONVERSION = YES;
				CLANG_WARN_INFINITE_RECURSION = YES;
				CLANG_WARN_INT_CONVERSION = YES;
				CLANG_WARN_NON_LITERAL_NULL_CONVERSION = YES;
				CLANG_WARN_OBJC_IMPLICIT_RETAIN_SELF = YES;
				CLANG_WARN_OBJC_LITERAL_CONVERSION = YES;
				CLANG_WARN_OBJC_ROOT_CLASS = YES_ERROR;
				CLANG_WARN_QUOTED_INCLUDE_IN_FRAMEWORK_HEADER = YES;
				CLANG_WARN_RANGE_LOOP_ANALYSIS = YES;
				CLANG_WARN_STRICT_PROTOTYPES = YES;
				CLANG_WARN_SUSPICIOUS_MOVE = YES;
				CLANG_WARN_UNGUARDED_AVAILABILITY = YES_AGGRESSIVE;
				CLANG_WARN_UNREACHABLE_CODE = YES;
				CLANG_WARN__DUPLICATE_METHOD_MATCH = YES;
				COPY_PHASE_STRIP = NO;
				DEBUG_INFORMATION_FORMAT = dwarf;
				ENABLE_STRICT_OBJC_MSGSEND = YES;
				ENABLE_TESTABILITY = YES;
				GCC_C_LANGUAGE_STANDARD = gnu11;
				GCC_DYNAMIC_NO_PIC = NO;
				GCC_NO_COMMON_BLOCKS = YES;
				GCC_OPTIMIZATION_LEVEL = 0;
				GCC_PREPROCESSOR_DEFINITIONS = (
					"DEBUG=1",
					"$(inherited)",
				);
				GCC_WARN_64_TO_32_BIT_CONVERSION = YES;
				GCC_WARN_ABOUT_RETURN_TYPE = YES_ERROR;
				GCC_WARN_UNDECLARED_SELECTOR = YES;
				GCC_WARN_UNINITIALIZED_AUTOS = YES_AGGRESSIVE;
				GCC_WARN_UNUSED_FUNCTION = YES;
				GCC_WARN_UNUSED_VARIABLE = YES;
				IPHONEOS_DEPLOYMENT_TARGET = 13.0;
				MTL_ENABLE_DEBUG_INFO = INCLUDE_SOURCE;
				MTL_FAST_MATH = YES;
				ONLY_ACTIVE_ARCH = YES;
				SDKROOT = iphoneos;
				SWIFT_ACTIVE_COMPILATION_CONDITIONS = DEBUG;
				SWIFT_OPTIMIZATION_LEVEL = "-Onone";
			};
			name = Debug;
		};
		AC601BDC26330AE2001DDE01 /* Release */ = {
			isa = XCBuildConfiguration;
			buildSettings = {
				ALWAYS_SEARCH_USER_PATHS = NO;
				CLANG_ANALYZER_NONNULL = YES;
				CLANG_ANALYZER_NUMBER_OBJECT_CONVERSION = YES_AGGRESSIVE;
				CLANG_CXX_LANGUAGE_STANDARD = "gnu++14";
				CLANG_CXX_LIBRARY = "libc++";
				CLANG_ENABLE_MODULES = YES;
				CLANG_ENABLE_OBJC_ARC = YES;
				CLANG_ENABLE_OBJC_WEAK = YES;
				CLANG_WARN_BLOCK_CAPTURE_AUTORELEASING = YES;
				CLANG_WARN_BOOL_CONVERSION = YES;
				CLANG_WARN_COMMA = YES;
				CLANG_WARN_CONSTANT_CONVERSION = YES;
				CLANG_WARN_DEPRECATED_OBJC_IMPLEMENTATIONS = YES;
				CLANG_WARN_DIRECT_OBJC_ISA_USAGE = YES_ERROR;
				CLANG_WARN_DOCUMENTATION_COMMENTS = YES;
				CLANG_WARN_EMPTY_BODY = YES;
				CLANG_WARN_ENUM_CONVERSION = YES;
				CLANG_WARN_INFINITE_RECURSION = YES;
				CLANG_WARN_INT_CONVERSION = YES;
				CLANG_WARN_NON_LITERAL_NULL_CONVERSION = YES;
				CLANG_WARN_OBJC_IMPLICIT_RETAIN_SELF = YES;
				CLANG_WARN_OBJC_LITERAL_CONVERSION = YES;
				CLANG_WARN_OBJC_ROOT_CLASS = YES_ERROR;
				CLANG_WARN_QUOTED_INCLUDE_IN_FRAMEWORK_HEADER = YES;
				CLANG_WARN_RANGE_LOOP_ANALYSIS = YES;
				CLANG_WARN_STRICT_PROTOTYPES = YES;
				CLANG_WARN_SUSPICIOUS_MOVE = YES;
				CLANG_WARN_UNGUARDED_AVAILABILITY = YES_AGGRESSIVE;
				CLANG_WARN_UNREACHABLE_CODE = YES;
				CLANG_WARN__DUPLICATE_METHOD_MATCH = YES;
				COPY_PHASE_STRIP = NO;
				DEBUG_INFORMATION_FORMAT = "dwarf-with-dsym";
				ENABLE_NS_ASSERTIONS = NO;
				ENABLE_STRICT_OBJC_MSGSEND = YES;
				GCC_C_LANGUAGE_STANDARD = gnu11;
				GCC_NO_COMMON_BLOCKS = YES;
				GCC_WARN_64_TO_32_BIT_CONVERSION = YES;
				GCC_WARN_ABOUT_RETURN_TYPE = YES_ERROR;
				GCC_WARN_UNDECLARED_SELECTOR = YES;
				GCC_WARN_UNINITIALIZED_AUTOS = YES_AGGRESSIVE;
				GCC_WARN_UNUSED_FUNCTION = YES;
				GCC_WARN_UNUSED_VARIABLE = YES;
				IPHONEOS_DEPLOYMENT_TARGET = 13.0;
				MTL_ENABLE_DEBUG_INFO = NO;
				MTL_FAST_MATH = YES;
				SDKROOT = iphoneos;
				SWIFT_COMPILATION_MODE = wholemodule;
				SWIFT_OPTIMIZATION_LEVEL = "-O";
				VALIDATE_PRODUCT = YES;
			};
			name = Release;
		};
		AC601BDE26330AE2001DDE01 /* Debug */ = {
			isa = XCBuildConfiguration;
			baseConfigurationReference = E0E8CB5BF0123692381CEBA9 /* Pods-EcoApp.debug.xcconfig */;
			buildSettings = {
				ASSETCATALOG_COMPILER_APPICON_NAME = AppIcon;
				ASSETCATALOG_COMPILER_GLOBAL_ACCENT_COLOR_NAME = AccentColor;
				CODE_SIGN_ENTITLEMENTS = EcoApp/EcoApp.entitlements;
				CODE_SIGN_STYLE = Automatic;
				DEVELOPMENT_TEAM = 82B4V3BBVD;
				INFOPLIST_FILE = EcoApp/Info.plist;
				IPHONEOS_DEPLOYMENT_TARGET = 13.0;
				LD_RUNPATH_SEARCH_PATHS = (
					"$(inherited)",
					"@executable_path/Frameworks",
				);
				PRODUCT_BUNDLE_IDENTIFIER = com.artem.ecoapp;
				PRODUCT_NAME = "$(TARGET_NAME)";
				SWIFT_VERSION = 5.0;
				TARGETED_DEVICE_FAMILY = 1;
			};
			name = Debug;
		};
		AC601BDF26330AE2001DDE01 /* Release */ = {
			isa = XCBuildConfiguration;
			baseConfigurationReference = CAD09FEEDC441C6BE9BE41D4 /* Pods-EcoApp.release.xcconfig */;
			buildSettings = {
				ASSETCATALOG_COMPILER_APPICON_NAME = AppIcon;
				ASSETCATALOG_COMPILER_GLOBAL_ACCENT_COLOR_NAME = AccentColor;
				CODE_SIGN_ENTITLEMENTS = EcoApp/EcoApp.entitlements;
				CODE_SIGN_STYLE = Automatic;
				DEVELOPMENT_TEAM = 82B4V3BBVD;
				INFOPLIST_FILE = EcoApp/Info.plist;
				IPHONEOS_DEPLOYMENT_TARGET = 13.0;
				LD_RUNPATH_SEARCH_PATHS = (
					"$(inherited)",
					"@executable_path/Frameworks",
				);
				PRODUCT_BUNDLE_IDENTIFIER = com.artem.ecoapp;
				PRODUCT_NAME = "$(TARGET_NAME)";
				SWIFT_VERSION = 5.0;
				TARGETED_DEVICE_FAMILY = 1;
			};
			name = Release;
		};
		ACE372A62639D91900D187AF /* Debug */ = {
			isa = XCBuildConfiguration;
			baseConfigurationReference = DE29DBB0AC3829717C0B942D /* Pods-watch.debug.xcconfig */;
			buildSettings = {
				ALWAYS_EMBED_SWIFT_STANDARD_LIBRARIES = YES;
				ASSETCATALOG_COMPILER_APPICON_NAME = AppIcon;
				ASSETCATALOG_COMPILER_GLOBAL_ACCENT_COLOR_NAME = AccentColor;
				CODE_SIGN_STYLE = Automatic;
				DEVELOPMENT_TEAM = 82B4V3BBVD;
				IBSC_MODULE = watch_Extension;
				INFOPLIST_FILE = watch/Info.plist;
				PRODUCT_BUNDLE_IDENTIFIER = com.artem.ecoapp.watchkitapp;
				PRODUCT_NAME = "$(TARGET_NAME)";
				SDKROOT = watchos;
				SKIP_INSTALL = YES;
				SWIFT_VERSION = 5.0;
				TARGETED_DEVICE_FAMILY = 4;
				WATCHOS_DEPLOYMENT_TARGET = 7.2;
			};
			name = Debug;
		};
		ACE372A72639D91900D187AF /* Release */ = {
			isa = XCBuildConfiguration;
			baseConfigurationReference = B3361C77A3A61B20311DE1DE /* Pods-watch.release.xcconfig */;
			buildSettings = {
				ALWAYS_EMBED_SWIFT_STANDARD_LIBRARIES = YES;
				ASSETCATALOG_COMPILER_APPICON_NAME = AppIcon;
				ASSETCATALOG_COMPILER_GLOBAL_ACCENT_COLOR_NAME = AccentColor;
				CODE_SIGN_STYLE = Automatic;
				DEVELOPMENT_TEAM = 82B4V3BBVD;
				IBSC_MODULE = watch_Extension;
				INFOPLIST_FILE = watch/Info.plist;
				PRODUCT_BUNDLE_IDENTIFIER = com.artem.ecoapp.watchkitapp;
				PRODUCT_NAME = "$(TARGET_NAME)";
				SDKROOT = watchos;
				SKIP_INSTALL = YES;
				SWIFT_VERSION = 5.0;
				TARGETED_DEVICE_FAMILY = 4;
				WATCHOS_DEPLOYMENT_TARGET = 7.2;
			};
			name = Release;
		};
		ACE372A92639D91900D187AF /* Debug */ = {
			isa = XCBuildConfiguration;
			baseConfigurationReference = 2F4B90A710E0865E78669F19 /* Pods-watch Extension.debug.xcconfig */;
			buildSettings = {
				ASSETCATALOG_COMPILER_COMPLICATION_NAME = Complication;
				CODE_SIGN_STYLE = Automatic;
				DEVELOPMENT_TEAM = 82B4V3BBVD;
				INFOPLIST_FILE = "watch Extension/Info.plist";
				LD_RUNPATH_SEARCH_PATHS = (
					"$(inherited)",
					"@executable_path/Frameworks",
					"@executable_path/../../Frameworks",
				);
				PRODUCT_BUNDLE_IDENTIFIER = com.artem.ecoapp.watchkitapp.watchkitextension;
				PRODUCT_NAME = "${TARGET_NAME}";
				SDKROOT = watchos;
				SKIP_INSTALL = YES;
				SWIFT_VERSION = 5.0;
				TARGETED_DEVICE_FAMILY = 4;
				WATCHOS_DEPLOYMENT_TARGET = 7.2;
			};
			name = Debug;
		};
		ACE372AA2639D91900D187AF /* Release */ = {
			isa = XCBuildConfiguration;
			baseConfigurationReference = 143089D2FB296793F941CB8E /* Pods-watch Extension.release.xcconfig */;
			buildSettings = {
				ASSETCATALOG_COMPILER_COMPLICATION_NAME = Complication;
				CODE_SIGN_STYLE = Automatic;
				DEVELOPMENT_TEAM = 82B4V3BBVD;
				INFOPLIST_FILE = "watch Extension/Info.plist";
				LD_RUNPATH_SEARCH_PATHS = (
					"$(inherited)",
					"@executable_path/Frameworks",
					"@executable_path/../../Frameworks",
				);
				PRODUCT_BUNDLE_IDENTIFIER = com.artem.ecoapp.watchkitapp.watchkitextension;
				PRODUCT_NAME = "${TARGET_NAME}";
				SDKROOT = watchos;
				SKIP_INSTALL = YES;
				SWIFT_VERSION = 5.0;
				TARGETED_DEVICE_FAMILY = 4;
				WATCHOS_DEPLOYMENT_TARGET = 7.2;
			};
			name = Release;
		};
/* End XCBuildConfiguration section */

/* Begin XCConfigurationList section */
		AC601BC126330AE0001DDE01 /* Build configuration list for PBXProject "Ecobalance life" */ = {
			isa = XCConfigurationList;
			buildConfigurations = (
				AC601BDB26330AE2001DDE01 /* Debug */,
				AC601BDC26330AE2001DDE01 /* Release */,
			);
			defaultConfigurationIsVisible = 0;
			defaultConfigurationName = Release;
		};
		AC601BDD26330AE2001DDE01 /* Build configuration list for PBXNativeTarget "EcoApp" */ = {
			isa = XCConfigurationList;
			buildConfigurations = (
				AC601BDE26330AE2001DDE01 /* Debug */,
				AC601BDF26330AE2001DDE01 /* Release */,
			);
			defaultConfigurationIsVisible = 0;
			defaultConfigurationName = Release;
		};
		ACE372AB2639D91900D187AF /* Build configuration list for PBXNativeTarget "watch Extension" */ = {
			isa = XCConfigurationList;
			buildConfigurations = (
				ACE372A92639D91900D187AF /* Debug */,
				ACE372AA2639D91900D187AF /* Release */,
			);
			defaultConfigurationIsVisible = 0;
			defaultConfigurationName = Release;
		};
		ACE372AC2639D91900D187AF /* Build configuration list for PBXNativeTarget "watch" */ = {
			isa = XCConfigurationList;
			buildConfigurations = (
				ACE372A62639D91900D187AF /* Debug */,
				ACE372A72639D91900D187AF /* Release */,
			);
			defaultConfigurationIsVisible = 0;
			defaultConfigurationName = Release;
		};
/* End XCConfigurationList section */

/* Begin XCRemoteSwiftPackageReference section */
		AC601BE126330B2B001DDE01 /* XCRemoteSwiftPackageReference "Parse-Swift" */ = {
			isa = XCRemoteSwiftPackageReference;
			repositoryURL = "https://github.com/parse-community/Parse-Swift";
			requirement = {
				kind = upToNextMajorVersion;
				minimumVersion = 1.8.0;
			};
		};
		AC74B3D22662A1EF00C5C3DF /* XCRemoteSwiftPackageReference "Kingfisher" */ = {
			isa = XCRemoteSwiftPackageReference;
			repositoryURL = "https://github.com/onevcat/Kingfisher";
			requirement = {
				kind = upToNextMajorVersion;
				minimumVersion = 6.3.0;
			};
		};
		ACDE20622639E5CF0049C976 /* XCRemoteSwiftPackageReference "facebook-ios-sdk" */ = {
			isa = XCRemoteSwiftPackageReference;
			repositoryURL = "https://github.com/facebook/facebook-ios-sdk";
			requirement = {
				kind = upToNextMajorVersion;
				minimumVersion = 9.2.0;
			};
		};
/* End XCRemoteSwiftPackageReference section */

/* Begin XCSwiftPackageProductDependency section */
		AC601BE226330B2B001DDE01 /* ParseSwift */ = {
			isa = XCSwiftPackageProductDependency;
			package = AC601BE126330B2B001DDE01 /* XCRemoteSwiftPackageReference "Parse-Swift" */;
			productName = ParseSwift;
		};
		AC74B3D32662A1EF00C5C3DF /* Kingfisher */ = {
			isa = XCSwiftPackageProductDependency;
			package = AC74B3D22662A1EF00C5C3DF /* XCRemoteSwiftPackageReference "Kingfisher" */;
			productName = Kingfisher;
		};
		ACDE20632639E5CF0049C976 /* FacebookLogin */ = {
			isa = XCSwiftPackageProductDependency;
			package = ACDE20622639E5CF0049C976 /* XCRemoteSwiftPackageReference "facebook-ios-sdk" */;
			productName = FacebookLogin;
		};
		ACDE20652639E5CF0049C976 /* FacebookShare */ = {
			isa = XCSwiftPackageProductDependency;
			package = ACDE20622639E5CF0049C976 /* XCRemoteSwiftPackageReference "facebook-ios-sdk" */;
			productName = FacebookShare;
		};
/* End XCSwiftPackageProductDependency section */

/* Begin XCVersionGroup section */
		AC601BD226330AE0001DDE01 /* EcoApp.xcdatamodeld */ = {
			isa = XCVersionGroup;
			children = (
				AC601BD326330AE0001DDE01 /* EcoApp.xcdatamodel */,
			);
			currentVersion = AC601BD326330AE0001DDE01 /* EcoApp.xcdatamodel */;
			path = EcoApp.xcdatamodeld;
			sourceTree = "<group>";
			versionGroupType = wrapper.xcdatamodel;
		};
/* End XCVersionGroup section */
	};
	rootObject = AC601BBE26330AE0001DDE01 /* Project object */;
}
